
Microsoft Visual Studio Solution File, Format Version 12.00
# Visual Studio Version 16
VisualStudioVersion = 16.0.30611.23
MinimumVisualStudioVersion = 10.0.40219.1
Project("{9A19103F-16F7-4668-BE54-9A1E7A4F7556}") = "School.Api", "School.Api\School.Api.csproj", "{B47ADF83-9873-4158-9740-32FE4F96C028}"
EndProject
Project("{9A19103F-16F7-4668-BE54-9A1E7A4F7556}") = "School.Core", "School.Core\School.Core.csproj", "{E3431E86-AD7D-43C8-ABFD-1D9F584B29DE}"
EndProject
Project("{9A19103F-16F7-4668-BE54-9A1E7A4F7556}") = "School.Data", "School.Data\School.Data.csproj", "{26EAC070-3D60-4DCD-B8E6-27ACA0618DD5}"
EndProject
Project("{FAE04EC0-301F-11D3-BF4B-00C04F79EFBC}") = "School.Services", "School.Services\School.Services.csproj", "{F911A2B4-D56E-4E3F-9E69-9E89EE2AA6A9}"
EndProject
Global
	GlobalSection(SolutionConfigurationPlatforms) = preSolution
		Debug|Any CPU = Debug|Any CPU
		Release|Any CPU = Release|Any CPU
	EndGlobalSection
	GlobalSection(ProjectConfigurationPlatforms) = postSolution
		{B47ADF83-9873-4158-9740-32FE4F96C028}.Debug|Any CPU.ActiveCfg = Debug|Any CPU
		{B47ADF83-9873-4158-9740-32FE4F96C028}.Debug|Any CPU.Build.0 = Debug|Any CPU
		{B47ADF83-9873-4158-9740-32FE4F96C028}.Release|Any CPU.ActiveCfg = Release|Any CPU
		{B47ADF83-9873-4158-9740-32FE4F96C028}.Release|Any CPU.Build.0 = Release|Any CPU
		{E3431E86-AD7D-43C8-ABFD-1D9F584B29DE}.Debug|Any CPU.ActiveCfg = Debug|Any CPU
		{E3431E86-AD7D-43C8-ABFD-1D9F584B29DE}.Debug|Any CPU.Build.0 = Debug|Any CPU
		{E3431E86-AD7D-43C8-ABFD-1D9F584B29DE}.Release|Any CPU.ActiveCfg = Release|Any CPU
		{E3431E86-AD7D-43C8-ABFD-1D9F584B29DE}.Release|Any CPU.Build.0 = Release|Any CPU
		{26EAC070-3D60-4DCD-B8E6-27ACA0618DD5}.Debug|Any CPU.ActiveCfg = Debug|Any CPU
		{26EAC070-3D60-4DCD-B8E6-27ACA0618DD5}.Debug|Any CPU.Build.0 = Debug|Any CPU
		{26EAC070-3D60-4DCD-B8E6-27ACA0618DD5}.Release|Any CPU.ActiveCfg = Release|Any CPU
		{26EAC070-3D60-4DCD-B8E6-27ACA0618DD5}.Release|Any CPU.Build.0 = Release|Any CPU
		{F911A2B4-D56E-4E3F-9E69-9E89EE2AA6A9}.Debug|Any CPU.ActiveCfg = Debug|Any CPU
		{F911A2B4-D56E-4E3F-9E69-9E89EE2AA6A9}.Debug|Any CPU.Build.0 = Debug|Any CPU
		{F911A2B4-D56E-4E3F-9E69-9E89EE2AA6A9}.Release|Any CPU.ActiveCfg = Release|Any CPU
		{F911A2B4-D56E-4E3F-9E69-9E89EE2AA6A9}.Release|Any CPU.Build.0 = Release|Any CPU
	EndGlobalSection
	GlobalSection(SolutionProperties) = preSolution
		HideSolutionNode = FALSE
	EndGlobalSection
	GlobalSection(ExtensibilityGlobals) = postSolution
		SolutionGuid = {963E87DD-2323-4423-8938-34769EDB63A5}
	EndGlobalSection
EndGlobal
